// !$*UTF8*$!
{
	archiveVersion = 1;
	classes = {
	};
	objectVersion = 50;
	objects = {

/* Begin PBXBuildFile section */
		301F4FD725E6921200DEC002 /* AppDelegate.swift in Sources */ = {isa = PBXBuildFile; fileRef = 301F4FD625E6921200DEC002 /* AppDelegate.swift */; };
		301F4FD925E6921200DEC002 /* SceneDelegate.swift in Sources */ = {isa = PBXBuildFile; fileRef = 301F4FD825E6921200DEC002 /* SceneDelegate.swift */; };
		301F4FDB25E6921200DEC002 /* ViewController.swift in Sources */ = {isa = PBXBuildFile; fileRef = 301F4FDA25E6921200DEC002 /* ViewController.swift */; };
		301F4FDE25E6921200DEC002 /* Main.storyboard in Resources */ = {isa = PBXBuildFile; fileRef = 301F4FDC25E6921200DEC002 /* Main.storyboard */; };
		301F4FE025E6921400DEC002 /* Assets.xcassets in Resources */ = {isa = PBXBuildFile; fileRef = 301F4FDF25E6921400DEC002 /* Assets.xcassets */; };
		301F4FE325E6921400DEC002 /* LaunchScreen.storyboard in Resources */ = {isa = PBXBuildFile; fileRef = 301F4FE125E6921400DEC002 /* LaunchScreen.storyboard */; };
		301F4FF225E695F400DEC002 /* CharacterListCollectionViewController.swift in Sources */ = {isa = PBXBuildFile; fileRef = 301F4FF125E695F400DEC002 /* CharacterListCollectionViewController.swift */; };
		301F4FF625E69A2900DEC002 /* NetworkManager.swift in Sources */ = {isa = PBXBuildFile; fileRef = 301F4FF525E69A2900DEC002 /* NetworkManager.swift */; };
		301F4FFC25E69BF900DEC002 /* PaginatedElements.swift in Sources */ = {isa = PBXBuildFile; fileRef = 301F4FF925E69BF900DEC002 /* PaginatedElements.swift */; };
		301F4FFD25E69BF900DEC002 /* PaginationInformation.swift in Sources */ = {isa = PBXBuildFile; fileRef = 301F4FFA25E69BF900DEC002 /* PaginationInformation.swift */; };
		301F4FFE25E69BF900DEC002 /* SerieCharacter.swift in Sources */ = {isa = PBXBuildFile; fileRef = 301F4FFB25E69BF900DEC002 /* SerieCharacter.swift */; };
		301F500125E6AD9100DEC002 /* CharacterListCollectionViewCell.swift in Sources */ = {isa = PBXBuildFile; fileRef = 301F500025E6AD9100DEC002 /* CharacterListCollectionViewCell.swift */; };
		3027B8F6263DC70B008D23B6 /* SearcBarCollectionReusableView.swift in Sources */ = {isa = PBXBuildFile; fileRef = 3027B8F5263DC70B008D23B6 /* SearcBarCollectionReusableView.swift */; };
		30B7C2B725EFD35B002C0F52 /* CharacterDetailTableViewController.swift in Sources */ = {isa = PBXBuildFile; fileRef = 30B7C2B625EFD35B002C0F52 /* CharacterDetailTableViewController.swift */; };
/* End PBXBuildFile section */

/* Begin PBXFileReference section */
		301F4FD325E6921200DEC002 /* RickAndMortyIOs.app */ = {isa = PBXFileReference; explicitFileType = wrapper.application; includeInIndex = 0; path = RickAndMortyIOs.app; sourceTree = BUILT_PRODUCTS_DIR; };
		301F4FD625E6921200DEC002 /* AppDelegate.swift */ = {isa = PBXFileReference; lastKnownFileType = sourcecode.swift; path = AppDelegate.swift; sourceTree = "<group>"; };
		301F4FD825E6921200DEC002 /* SceneDelegate.swift */ = {isa = PBXFileReference; lastKnownFileType = sourcecode.swift; path = SceneDelegate.swift; sourceTree = "<group>"; };
		301F4FDA25E6921200DEC002 /* ViewController.swift */ = {isa = PBXFileReference; lastKnownFileType = sourcecode.swift; path = ViewController.swift; sourceTree = "<group>"; };
		301F4FDD25E6921200DEC002 /* Base */ = {isa = PBXFileReference; lastKnownFileType = file.storyboard; name = Base; path = Base.lproj/Main.storyboard; sourceTree = "<group>"; };
		301F4FDF25E6921400DEC002 /* Assets.xcassets */ = {isa = PBXFileReference; lastKnownFileType = folder.assetcatalog; path = Assets.xcassets; sourceTree = "<group>"; };
		301F4FE225E6921400DEC002 /* Base */ = {isa = PBXFileReference; lastKnownFileType = file.storyboard; name = Base; path = Base.lproj/LaunchScreen.storyboard; sourceTree = "<group>"; };
		301F4FE425E6921400DEC002 /* Info.plist */ = {isa = PBXFileReference; lastKnownFileType = text.plist.xml; path = Info.plist; sourceTree = "<group>"; };
		301F4FF125E695F400DEC002 /* CharacterListCollectionViewController.swift */ = {isa = PBXFileReference; lastKnownFileType = sourcecode.swift; path = CharacterListCollectionViewController.swift; sourceTree = "<group>"; };
		301F4FF525E69A2900DEC002 /* NetworkManager.swift */ = {isa = PBXFileReference; lastKnownFileType = sourcecode.swift; path = NetworkManager.swift; sourceTree = "<group>"; };
		301F4FF925E69BF900DEC002 /* PaginatedElements.swift */ = {isa = PBXFileReference; fileEncoding = 4; lastKnownFileType = sourcecode.swift; name = PaginatedElements.swift; path = "../../../../aide/CallAPI 2/CallAPI/Class/PaginatedElements.swift"; sourceTree = "<group>"; };
		301F4FFA25E69BF900DEC002 /* PaginationInformation.swift */ = {isa = PBXFileReference; fileEncoding = 4; lastKnownFileType = sourcecode.swift; name = PaginationInformation.swift; path = "../../../../aide/CallAPI 2/CallAPI/Class/PaginationInformation.swift"; sourceTree = "<group>"; };
		301F4FFB25E69BF900DEC002 /* SerieCharacter.swift */ = {isa = PBXFileReference; fileEncoding = 4; lastKnownFileType = sourcecode.swift; name = SerieCharacter.swift; path = "../../../../aide/CallAPI 2/CallAPI/Class/SerieCharacter.swift"; sourceTree = "<group>"; };
		301F500025E6AD9100DEC002 /* CharacterListCollectionViewCell.swift */ = {isa = PBXFileReference; lastKnownFileType = sourcecode.swift; path = CharacterListCollectionViewCell.swift; sourceTree = "<group>"; };
		3027B8F5263DC70B008D23B6 /* SearcBarCollectionReusableView.swift */ = {isa = PBXFileReference; lastKnownFileType = sourcecode.swift; path = SearcBarCollectionReusableView.swift; sourceTree = "<group>"; };
		30B7C2B625EFD35B002C0F52 /* CharacterDetailTableViewController.swift */ = {isa = PBXFileReference; lastKnownFileType = sourcecode.swift; path = CharacterDetailTableViewController.swift; sourceTree = "<group>"; };
/* End PBXFileReference section */

/* Begin PBXFrameworksBuildPhase section */
		301F4FD025E6921200DEC002 /* Frameworks */ = {
			isa = PBXFrameworksBuildPhase;
			buildActionMask = 2147483647;
			files = (
			);
			runOnlyForDeploymentPostprocessing = 0;
		};
/* End PBXFrameworksBuildPhase section */

/* Begin PBXGroup section */
		301F4FCA25E6921200DEC002 = {
			isa = PBXGroup;
			children = (
				301F4FD525E6921200DEC002 /* RickAndMortyIOs */,
				301F4FD425E6921200DEC002 /* Products */,
			);
			sourceTree = "<group>";
		};
		301F4FD425E6921200DEC002 /* Products */ = {
			isa = PBXGroup;
			children = (
				301F4FD325E6921200DEC002 /* RickAndMortyIOs.app */,
			);
			name = Products;
			sourceTree = "<group>";
		};
		301F4FD525E6921200DEC002 /* RickAndMortyIOs */ = {
			isa = PBXGroup;
			children = (
				301F4FF825E69BB600DEC002 /* DataClass */,
				301F4FF025E695CA00DEC002 /* View Controller */,
				301F4FD625E6921200DEC002 /* AppDelegate.swift */,
				301F4FD825E6921200DEC002 /* SceneDelegate.swift */,
				301F4FDA25E6921200DEC002 /* ViewController.swift */,
				301F4FDC25E6921200DEC002 /* Main.storyboard */,
				301F4FDF25E6921400DEC002 /* Assets.xcassets */,
				301F4FE125E6921400DEC002 /* LaunchScreen.storyboard */,
				301F4FE425E6921400DEC002 /* Info.plist */,
				301F4FF525E69A2900DEC002 /* NetworkManager.swift */,
				301F500025E6AD9100DEC002 /* CharacterListCollectionViewCell.swift */,
				3027B8F5263DC70B008D23B6 /* SearcBarCollectionReusableView.swift */,
			);
			path = RickAndMortyIOs;
			sourceTree = "<group>";
		};
		301F4FF025E695CA00DEC002 /* View Controller */ = {
			isa = PBXGroup;
			children = (
				301F4FF125E695F400DEC002 /* CharacterListCollectionViewController.swift */,
				30B7C2B625EFD35B002C0F52 /* CharacterDetailTableViewController.swift */,
			);
			path = "View Controller";
			sourceTree = "<group>";
		};
		301F4FF825E69BB600DEC002 /* DataClass */ = {
			isa = PBXGroup;
			children = (
				301F4FF925E69BF900DEC002 /* PaginatedElements.swift */,
				301F4FFA25E69BF900DEC002 /* PaginationInformation.swift */,
				301F4FFB25E69BF900DEC002 /* SerieCharacter.swift */,
			);
			path = DataClass;
			sourceTree = "<group>";
		};
/* End PBXGroup section */

/* Begin PBXNativeTarget section */
		301F4FD225E6921200DEC002 /* RickAndMortyIOs */ = {
			isa = PBXNativeTarget;
			buildConfigurationList = 301F4FE725E6921400DEC002 /* Build configuration list for PBXNativeTarget "RickAndMortyIOs" */;
			buildPhases = (
				301F4FCF25E6921200DEC002 /* Sources */,
				301F4FD025E6921200DEC002 /* Frameworks */,
				301F4FD125E6921200DEC002 /* Resources */,
			);
			buildRules = (
			);
			dependencies = (
			);
			name = RickAndMortyIOs;
			productName = RickAndMortyIOs;
			productReference = 301F4FD325E6921200DEC002 /* RickAndMortyIOs.app */;
			productType = "com.apple.product-type.application";
		};
/* End PBXNativeTarget section */

/* Begin PBXProject section */
		301F4FCB25E6921200DEC002 /* Project object */ = {
			isa = PBXProject;
			attributes = {
				LastSwiftUpdateCheck = 1240;
				LastUpgradeCheck = 1240;
				TargetAttributes = {
					301F4FD225E6921200DEC002 = {
						CreatedOnToolsVersion = 12.4;
					};
				};
			};
			buildConfigurationList = 301F4FCE25E6921200DEC002 /* Build configuration list for PBXProject "RickAndMortyIOs" */;
			compatibilityVersion = "Xcode 9.3";
			developmentRegion = en;
			hasScannedForEncodings = 0;
			knownRegions = (
				en,
				Base,
			);
			mainGroup = 301F4FCA25E6921200DEC002;
			productRefGroup = 301F4FD425E6921200DEC002 /* Products */;
			projectDirPath = "";
			projectRoot = "";
			targets = (
				301F4FD225E6921200DEC002 /* RickAndMortyIOs */,
			);
		};
/* End PBXProject section */

/* Begin PBXResourcesBuildPhase section */
		301F4FD125E6921200DEC002 /* Resources */ = {
			isa = PBXResourcesBuildPhase;
			buildActionMask = 2147483647;
			files = (
				301F4FE325E6921400DEC002 /* LaunchScreen.storyboard in Resources */,
				301F4FE025E6921400DEC002 /* Assets.xcassets in Resources */,
				301F4FDE25E6921200DEC002 /* Main.storyboard in Resources */,
			);
			runOnlyForDeploymentPostprocessing = 0;
		};
/* End PBXResourcesBuildPhase section */

/* Begin PBXSourcesBuildPhase section */
		301F4FCF25E6921200DEC002 /* Sources */ = {
			isa = PBXSourcesBuildPhase;
			buildActionMask = 2147483647;
			files = (
				301F4FDB25E6921200DEC002 /* ViewController.swift in Sources */,
				301F4FD725E6921200DEC002 /* AppDelegate.swift in Sources */,
				301F4FFD25E69BF900DEC002 /* PaginationInformation.swift in Sources */,
				301F4FFC25E69BF900DEC002 /* PaginatedElements.swift in Sources */,
				30B7C2B725EFD35B002C0F52 /* CharacterDetailTableViewController.swift in Sources */,
				301F500125E6AD9100DEC002 /* CharacterListCollectionViewCell.swift in Sources */,
				301F4FFE25E69BF900DEC002 /* SerieCharacter.swift in Sources */,
				3027B8F6263DC70B008D23B6 /* SearcBarCollectionReusableView.swift in Sources */,
				301F4FF625E69A2900DEC002 /* NetworkManager.swift in Sources */,
				301F4FF225E695F400DEC002 /* CharacterListCollectionViewController.swift in Sources */,
				301F4FD925E6921200DEC002 /* SceneDelegate.swift in Sources */,
			);
			runOnlyForDeploymentPostprocessing = 0;
		};
/* End PBXSourcesBuildPhase section */

/* Begin PBXVariantGroup section */
		301F4FDC25E6921200DEC002 /* Main.storyboard */ = {
			isa = PBXVariantGroup;
			children = (
				301F4FDD25E6921200DEC002 /* Base */,
			);
			name = Main.storyboard;
			sourceTree = "<group>";
		};
		301F4FE125E6921400DEC002 /* LaunchScreen.storyboard */ = {
			isa = PBXVariantGroup;
			children = (
				301F4FE225E6921400DEC002 /* Base */,
			);
			name = LaunchScreen.storyboard;
			sourceTree = "<group>";
		};
/* End PBXVariantGroup section */

/* Begin XCBuildConfiguration section */
		301F4FE525E6921400DEC002 /* Debug */ = {
			isa = XCBuildConfiguration;
			buildSettings = {
				ALWAYS_SEARCH_USER_PATHS = NO;
				CLANG_ANALYZER_NONNULL = YES;
				CLANG_ANALYZER_NUMBER_OBJECT_CONVERSION = YES_AGGRESSIVE;
				CLANG_CXX_LANGUAGE_STANDARD = "gnu++14";
				CLANG_CXX_LIBRARY = "libc++";
				CLANG_ENABLE_MODULES = YES;
				CLANG_ENABLE_OBJC_ARC = YES;
				CLANG_ENABLE_OBJC_WEAK = YES;
				CLANG_WARN_BLOCK_CAPTURE_AUTORELEASING = YES;
				CLANG_WARN_BOOL_CONVERSION = YES;
				CLANG_WARN_COMMA = YES;
				CLANG_WARN_CONSTANT_CONVERSION = YES;
				CLANG_WARN_DEPRECATED_OBJC_IMPLEMENTATIONS = YES;
				CLANG_WARN_DIRECT_OBJC_ISA_USAGE = YES_ERROR;
				CLANG_WARN_DOCUMENTATION_COMMENTS = YES;
				CLANG_WARN_EMPTY_BODY = YES;
				CLANG_WARN_ENUM_CONVERSION = YES;
				CLANG_WARN_INFINITE_RECURSION = YES;
				CLANG_WARN_INT_CONVERSION = YES;
				CLANG_WARN_NON_LITERAL_NULL_CONVERSION = YES;
				CLANG_WARN_OBJC_IMPLICIT_RETAIN_SELF = YES;
				CLANG_WARN_OBJC_LITERAL_CONVERSION = YES;
				CLANG_WARN_OBJC_ROOT_CLASS = YES_ERROR;
				CLANG_WARN_QUOTED_INCLUDE_IN_FRAMEWORK_HEADER = YES;
				CLANG_WARN_RANGE_LOOP_ANALYSIS = YES;
				CLANG_WARN_STRICT_PROTOTYPES = YES;
				CLANG_WARN_SUSPICIOUS_MOVE = YES;
				CLANG_WARN_UNGUARDED_AVAILABILITY = YES_AGGRESSIVE;
				CLANG_WARN_UNREACHABLE_CODE = YES;
				CLANG_WARN__DUPLICATE_METHOD_MATCH = YES;
				COPY_PHASE_STRIP = NO;
				DEBUG_INFORMATION_FORMAT = dwarf;
				ENABLE_STRICT_OBJC_MSGSEND = YES;
				ENABLE_TESTABILITY = YES;
				GCC_C_LANGUAGE_STANDARD = gnu11;
				GCC_DYNAMIC_NO_PIC = NO;
				GCC_NO_COMMON_BLOCKS = YES;
				GCC_OPTIMIZATION_LEVEL = 0;
				GCC_PREPROCESSOR_DEFINITIONS = (
					"DEBUG=1",
					"$(inherited)",
				);
				GCC_WARN_64_TO_32_BIT_CONVERSION = YES;
				GCC_WARN_ABOUT_RETURN_TYPE = YES_ERROR;
				GCC_WARN_UNDECLARED_SELECTOR = YES;
				GCC_WARN_UNINITIALIZED_AUTOS = YES_AGGRESSIVE;
				GCC_WARN_UNUSED_FUNCTION = YES;
				GCC_WARN_UNUSED_VARIABLE = YES;
				IPHONEOS_DEPLOYMENT_TARGET = 14.4;
				MTL_ENABLE_DEBUG_INFO = INCLUDE_SOURCE;
				MTL_FAST_MATH = YES;
				ONLY_ACTIVE_ARCH = YES;
				SDKROOT = iphoneos;
				SWIFT_ACTIVE_COMPILATION_CONDITIONS = DEBUG;
				SWIFT_OPTIMIZATION_LEVEL = "-Onone";
			};
			name = Debug;
		};
		301F4FE625E6921400DEC002 /* Release */ = {
			isa = XCBuildConfiguration;
			buildSettings = {
				ALWAYS_SEARCH_USER_PATHS = NO;
				CLANG_ANALYZER_NONNULL = YES;
				CLANG_ANALYZER_NUMBER_OBJECT_CONVERSION = YES_AGGRESSIVE;
				CLANG_CXX_LANGUAGE_STANDARD = "gnu++14";
				CLANG_CXX_LIBRARY = "libc++";
				CLANG_ENABLE_MODULES = YES;
				CLANG_ENABLE_OBJC_ARC = YES;
				CLANG_ENABLE_OBJC_WEAK = YES;
				CLANG_WARN_BLOCK_CAPTURE_AUTORELEASING = YES;
				CLANG_WARN_BOOL_CONVERSION = YES;
				CLANG_WARN_COMMA = YES;
				CLANG_WARN_CONSTANT_CONVERSION = YES;
				CLANG_WARN_DEPRECATED_OBJC_IMPLEMENTATIONS = YES;
				CLANG_WARN_DIRECT_OBJC_ISA_USAGE = YES_ERROR;
				CLANG_WARN_DOCUMENTATION_COMMENTS = YES;
				CLANG_WARN_EMPTY_BODY = YES;
				CLANG_WARN_ENUM_CONVERSION = YES;
				CLANG_WARN_INFINITE_RECURSION = YES;
				CLANG_WARN_INT_CONVERSION = YES;
				CLANG_WARN_NON_LITERAL_NULL_CONVERSION = YES;
				CLANG_WARN_OBJC_IMPLICIT_RETAIN_SELF = YES;
				CLANG_WARN_OBJC_LITERAL_CONVERSION = YES;
				CLANG_WARN_OBJC_ROOT_CLASS = YES_ERROR;
				CLANG_WARN_QUOTED_INCLUDE_IN_FRAMEWORK_HEADER = YES;
				CLANG_WARN_RANGE_LOOP_ANALYSIS = YES;
				CLANG_WARN_STRICT_PROTOTYPES = YES;
				CLANG_WARN_SUSPICIOUS_MOVE = YES;
				CLANG_WARN_UNGUARDED_AVAILABILITY = YES_AGGRESSIVE;
				CLANG_WARN_UNREACHABLE_CODE = YES;
				CLANG_WARN__DUPLICATE_METHOD_MATCH = YES;
				COPY_PHASE_STRIP = NO;
				DEBUG_INFORMATION_FORMAT = "dwarf-with-dsym";
				ENABLE_NS_ASSERTIONS = NO;
				ENABLE_STRICT_OBJC_MSGSEND = YES;
				GCC_C_LANGUAGE_STANDARD = gnu11;
				GCC_NO_COMMON_BLOCKS = YES;
				GCC_WARN_64_TO_32_BIT_CONVERSION = YES;
				GCC_WARN_ABOUT_RETURN_TYPE = YES_ERROR;
				GCC_WARN_UNDECLARED_SELECTOR = YES;
				GCC_WARN_UNINITIALIZED_AUTOS = YES_AGGRESSIVE;
				GCC_WARN_UNUSED_FUNCTION = YES;
				GCC_WARN_UNUSED_VARIABLE = YES;
				IPHONEOS_DEPLOYMENT_TARGET = 14.4;
				MTL_ENABLE_DEBUG_INFO = NO;
				MTL_FAST_MATH = YES;
				SDKROOT = iphoneos;
				SWIFT_COMPILATION_MODE = wholemodule;
				SWIFT_OPTIMIZATION_LEVEL = "-O";
				VALIDATE_PRODUCT = YES;
			};
			name = Release;
		};
		301F4FE825E6921400DEC002 /* Debug */ = {
			isa = XCBuildConfiguration;
			buildSettings = {
				ASSETCATALOG_COMPILER_APPICON_NAME = AppIcon;
				ASSETCATALOG_COMPILER_GLOBAL_ACCENT_COLOR_NAME = AccentColor;
				CODE_SIGN_STYLE = Automatic;
				INFOPLIST_FILE = RickAndMortyIOs/Info.plist;
				LD_RUNPATH_SEARCH_PATHS = (
					"$(inherited)",
					"@executable_path/Frameworks",
				);
				PRODUCT_BUNDLE_IDENTIFIER = ben.RickAndMortyIOs;
				PRODUCT_NAME = "$(TARGET_NAME)";
				SWIFT_VERSION = 5.0;
				TARGETED_DEVICE_FAMILY = "1,2";
			};
			name = Debug;
		};
		301F4FE925E6921400DEC002 /* Release */ = {
			isa = XCBuildConfiguration;
			buildSettings = {
				ASSETCATALOG_COMPILER_APPICON_NAME = AppIcon;
				ASSETCATALOG_COMPILER_GLOBAL_ACCENT_COLOR_NAME = AccentColor;
				CODE_SIGN_STYLE = Automatic;
				INFOPLIST_FILE = RickAndMortyIOs/Info.plist;
				LD_RUNPATH_SEARCH_PATHS = (
					"$(inherited)",
					"@executable_path/Frameworks",
				);
				PRODUCT_BUNDLE_IDENTIFIER = ben.RickAndMortyIOs;
				PRODUCT_NAME = "$(TARGET_NAME)";
				SWIFT_VERSION = 5.0;
				TARGETED_DEVICE_FAMILY = "1,2";
			};
			name = Release;
		};
/* End XCBuildConfiguration section */

/* Begin XCConfigurationList section */
		301F4FCE25E6921200DEC002 /* Build configuration list for PBXProject "RickAndMortyIOs" */ = {
			isa = XCConfigurationList;
			buildConfigurations = (
				301F4FE525E6921400DEC002 /* Debug */,
				301F4FE625E6921400DEC002 /* Release */,
			);
			defaultConfigurationIsVisible = 0;
			defaultConfigurationName = Release;
		};
		301F4FE725E6921400DEC002 /* Build configuration list for PBXNativeTarget "RickAndMortyIOs" */ = {
			isa = XCConfigurationList;
			buildConfigurations = (
				301F4FE825E6921400DEC002 /* Debug */,
				301F4FE925E6921400DEC002 /* Release */,
			);
			defaultConfigurationIsVisible = 0;
			defaultConfigurationName = Release;
		};
/* End XCConfigurationList section */
	};
	rootObject = 301F4FCB25E6921200DEC002 /* Project object */;
}
